// !$*UTF8*$!
{
	archiveVersion = 1;
	classes = {
	};
	objectVersion = 55;
	objects = {

/* Begin PBXBuildFile section */
		CB1737F2288FD2910032111C /* HomeView.swift in Sources */ = {isa = PBXBuildFile; fileRef = CB1737F1288FD2910032111C /* HomeView.swift */; };
		CB1737F4288FD2AA0032111C /* CustomTabView.swift in Sources */ = {isa = PBXBuildFile; fileRef = CB1737F3288FD2AA0032111C /* CustomTabView.swift */; };
		CB1737F6288FD2D90032111C /* SideMenu.swift in Sources */ = {isa = PBXBuildFile; fileRef = CB1737F5288FD2D90032111C /* SideMenu.swift */; };
		CB1737F8288FD2E40032111C /* MainView.swift in Sources */ = {isa = PBXBuildFile; fileRef = CB1737F7288FD2E40032111C /* MainView.swift */; };
		CB73F790288EEDD200FBBDE0 /* EBookUI_SwiftUIApp.swift in Sources */ = {isa = PBXBuildFile; fileRef = CB73F78F288EEDD200FBBDE0 /* EBookUI_SwiftUIApp.swift */; };
		CB73F792288EEDD200FBBDE0 /* ContentView.swift in Sources */ = {isa = PBXBuildFile; fileRef = CB73F791288EEDD200FBBDE0 /* ContentView.swift */; };
		CB73F794288EEDD200FBBDE0 /* Assets.xcassets in Resources */ = {isa = PBXBuildFile; fileRef = CB73F793288EEDD200FBBDE0 /* Assets.xcassets */; };
		CB73F797288EEDD200FBBDE0 /* Preview Assets.xcassets in Resources */ = {isa = PBXBuildFile; fileRef = CB73F796288EEDD200FBBDE0 /* Preview Assets.xcassets */; };
/* End PBXBuildFile section */

/* Begin PBXFileReference section */
		CB1737F1288FD2910032111C /* HomeView.swift */ = {isa = PBXFileReference; lastKnownFileType = sourcecode.swift; path = HomeView.swift; sourceTree = "<group>"; };
		CB1737F3288FD2AA0032111C /* CustomTabView.swift */ = {isa = PBXFileReference; lastKnownFileType = sourcecode.swift; path = CustomTabView.swift; sourceTree = "<group>"; };
		CB1737F5288FD2D90032111C /* SideMenu.swift */ = {isa = PBXFileReference; lastKnownFileType = sourcecode.swift; path = SideMenu.swift; sourceTree = "<group>"; };
		CB1737F7288FD2E40032111C /* MainView.swift */ = {isa = PBXFileReference; lastKnownFileType = sourcecode.swift; path = MainView.swift; sourceTree = "<group>"; };
		CB73F78C288EEDD200FBBDE0 /* EBookUI_SwiftUI.app */ = {isa = PBXFileReference; explicitFileType = wrapper.application; includeInIndex = 0; path = EBookUI_SwiftUI.app; sourceTree = BUILT_PRODUCTS_DIR; };
		CB73F78F288EEDD200FBBDE0 /* EBookUI_SwiftUIApp.swift */ = {isa = PBXFileReference; lastKnownFileType = sourcecode.swift; path = EBookUI_SwiftUIApp.swift; sourceTree = "<group>"; };
		CB73F791288EEDD200FBBDE0 /* ContentView.swift */ = {isa = PBXFileReference; lastKnownFileType = sourcecode.swift; path = ContentView.swift; sourceTree = "<group>"; };
		CB73F793288EEDD200FBBDE0 /* Assets.xcassets */ = {isa = PBXFileReference; lastKnownFileType = folder.assetcatalog; path = Assets.xcassets; sourceTree = "<group>"; };
		CB73F796288EEDD200FBBDE0 /* Preview Assets.xcassets */ = {isa = PBXFileReference; lastKnownFileType = folder.assetcatalog; path = "Preview Assets.xcassets"; sourceTree = "<group>"; };
/* End PBXFileReference section */

/* Begin PBXFrameworksBuildPhase section */
		CB73F789288EEDD200FBBDE0 /* Frameworks */ = {
			isa = PBXFrameworksBuildPhase;
			buildActionMask = 2147483647;
			files = (
			);
			runOnlyForDeploymentPostprocessing = 0;
		};
/* End PBXFrameworksBuildPhase section */

/* Begin PBXGroup section */
		CB73F783288EEDD200FBBDE0 = {
			isa = PBXGroup;
			children = (
				CB73F78E288EEDD200FBBDE0 /* EBookUI_SwiftUI */,
				CB73F78D288EEDD200FBBDE0 /* Products */,
			);
			sourceTree = "<group>";
		};
		CB73F78D288EEDD200FBBDE0 /* Products */ = {
			isa = PBXGroup;
			children = (
				CB73F78C288EEDD200FBBDE0 /* EBookUI_SwiftUI.app */,
			);
			name = Products;
			sourceTree = "<group>";
		};
		CB73F78E288EEDD200FBBDE0 /* EBookUI_SwiftUI */ = {
			isa = PBXGroup;
			children = (
				CB73F78F288EEDD200FBBDE0 /* EBookUI_SwiftUIApp.swift */,
				CB73F791288EEDD200FBBDE0 /* ContentView.swift */,
				CB1737F1288FD2910032111C /* HomeView.swift */,
				CB1737F3288FD2AA0032111C /* CustomTabView.swift */,
				CB1737F5288FD2D90032111C /* SideMenu.swift */,
				CB1737F7288FD2E40032111C /* MainView.swift */,
				CB73F793288EEDD200FBBDE0 /* Assets.xcassets */,
				CB73F795288EEDD200FBBDE0 /* Preview Content */,
			);
			path = EBookUI_SwiftUI;
			sourceTree = "<group>";
		};
		CB73F795288EEDD200FBBDE0 /* Preview Content */ = {
			isa = PBXGroup;
			children = (
				CB73F796288EEDD200FBBDE0 /* Preview Assets.xcassets */,
			);
			path = "Preview Content";
			sourceTree = "<group>";
		};
/* End PBXGroup section */

/* Begin PBXNativeTarget section */
		CB73F78B288EEDD200FBBDE0 /* EBookUI_SwiftUI */ = {
			isa = PBXNativeTarget;
			buildConfigurationList = CB73F79A288EEDD200FBBDE0 /* Build configuration list for PBXNativeTarget "EBookUI_SwiftUI" */;
			buildPhases = (
				CB73F788288EEDD200FBBDE0 /* Sources */,
				CB73F789288EEDD200FBBDE0 /* Frameworks */,
				CB73F78A288EEDD200FBBDE0 /* Resources */,
			);
			buildRules = (
			);
			dependencies = (
			);
			name = EBookUI_SwiftUI;
			productName = EBookUI_SwiftUI;
			productReference = CB73F78C288EEDD200FBBDE0 /* EBookUI_SwiftUI.app */;
			productType = "com.apple.product-type.application";
		};
/* End PBXNativeTarget section */

/* Begin PBXProject section */
		CB73F784288EEDD200FBBDE0 /* Project object */ = {
			isa = PBXProject;
			attributes = {
				BuildIndependentTargetsInParallel = 1;
				LastSwiftUpdateCheck = 1340;
				LastUpgradeCheck = 1340;
				TargetAttributes = {
					CB73F78B288EEDD200FBBDE0 = {
						CreatedOnToolsVersion = 13.4.1;
					};
				};
			};
			buildConfigurationList = CB73F787288EEDD200FBBDE0 /* Build configuration list for PBXProject "EBookUI_SwiftUI" */;
			compatibilityVersion = "Xcode 13.0";
			developmentRegion = en;
			hasScannedForEncodings = 0;
			knownRegions = (
				en,
				Base,
			);
			mainGroup = CB73F783288EEDD200FBBDE0;
			productRefGroup = CB73F78D288EEDD200FBBDE0 /* Products */;
			projectDirPath = "";
			projectRoot = "";
			targets = (
				CB73F78B288EEDD200FBBDE0 /* EBookUI_SwiftUI */,
			);
		};
/* End PBXProject section */

/* Begin PBXResourcesBuildPhase section */
		CB73F78A288EEDD200FBBDE0 /* Resources */ = {
			isa = PBXResourcesBuildPhase;
			buildActionMask = 2147483647;
			files = (
				CB73F797288EEDD200FBBDE0 /* Preview Assets.xcassets in Resources */,
				CB73F794288EEDD200FBBDE0 /* Assets.xcassets in Resources */,
			);
			runOnlyForDeploymentPostprocessing = 0;
		};
/* End PBXResourcesBuildPhase section */

/* Begin PBXSourcesBuildPhase section */
		CB73F788288EEDD200FBBDE0 /* Sources */ = {
			isa = PBXSourcesBuildPhase;
			buildActionMask = 2147483647;
			files = (
				CB1737F2288FD2910032111C /* HomeView.swift in Sources */,
				CB1737F8288FD2E40032111C /* MainView.swift in Sources */,
				CB1737F4288FD2AA0032111C /* CustomTabView.swift in Sources */,
				CB1737F6288FD2D90032111C /* SideMenu.swift in Sources */,
				CB73F792288EEDD200FBBDE0 /* ContentView.swift in Sources */,
				CB73F790288EEDD200FBBDE0 /* EBookUI_SwiftUIApp.swift in Sources */,
			);
			runOnlyForDeploymentPostprocessing = 0;
		};
/* End PBXSourcesBuildPhase section */

/* Begin XCBuildConfiguration section */
		CB73F798288EEDD200FBBDE0 /* Debug */ = {
			isa = XCBuildConfiguration;
			buildSettings = {
				ALWAYS_SEARCH_USER_PATHS = NO;
				CLANG_ANALYZER_NONNULL = YES;
				CLANG_ANALYZER_NUMBER_OBJECT_CONVERSION = YES_AGGRESSIVE;
				CLANG_CXX_LANGUAGE_STANDARD = "gnu++17";
				CLANG_ENABLE_MODULES = YES;
				CLANG_ENABLE_OBJC_ARC = YES;
				CLANG_ENABLE_OBJC_WEAK = YES;
				CLANG_WARN_BLOCK_CAPTURE_AUTORELEASING = YES;
				CLANG_WARN_BOOL_CONVERSION = YES;
				CLANG_WARN_COMMA = YES;
				CLANG_WARN_CONSTANT_CONVERSION = YES;
				CLANG_WARN_DEPRECATED_OBJC_IMPLEMENTATIONS = YES;
				CLANG_WARN_DIRECT_OBJC_ISA_USAGE = YES_ERROR;
				CLANG_WARN_DOCUMENTATION_COMMENTS = YES;
				CLANG_WARN_EMPTY_BODY = YES;
				CLANG_WARN_ENUM_CONVERSION = YES;
				CLANG_WARN_INFINITE_RECURSION = YES;
				CLANG_WARN_INT_CONVERSION = YES;
				CLANG_WARN_NON_LITERAL_NULL_CONVERSION = YES;
				CLANG_WARN_OBJC_IMPLICIT_RETAIN_SELF = YES;
				CLANG_WARN_OBJC_LITERAL_CONVERSION = YES;
				CLANG_WARN_OBJC_ROOT_CLASS = YES_ERROR;
				CLANG_WARN_QUOTED_INCLUDE_IN_FRAMEWORK_HEADER = YES;
				CLANG_WARN_RANGE_LOOP_ANALYSIS = YES;
				CLANG_WARN_STRICT_PROTOTYPES = YES;
				CLANG_WARN_SUSPICIOUS_MOVE = YES;
				CLANG_WARN_UNGUARDED_AVAILABILITY = YES_AGGRESSIVE;
				CLANG_WARN_UNREACHABLE_CODE = YES;
				CLANG_WARN__DUPLICATE_METHOD_MATCH = YES;
				COPY_PHASE_STRIP = NO;
				DEBUG_INFORMATION_FORMAT = dwarf;
				ENABLE_STRICT_OBJC_MSGSEND = YES;
				ENABLE_TESTABILITY = YES;
				GCC_C_LANGUAGE_STANDARD = gnu11;
				GCC_DYNAMIC_NO_PIC = NO;
				GCC_NO_COMMON_BLOCKS = YES;
				GCC_OPTIMIZATION_LEVEL = 0;
				GCC_PREPROCESSOR_DEFINITIONS = (
					"DEBUG=1",
					"$(inherited)",
				);
				GCC_WARN_64_TO_32_BIT_CONVERSION = YES;
				GCC_WARN_ABOUT_RETURN_TYPE = YES_ERROR;
				GCC_WARN_UNDECLARED_SELECTOR = YES;
				GCC_WARN_UNINITIALIZED_AUTOS = YES_AGGRESSIVE;
				GCC_WARN_UNUSED_FUNCTION = YES;
				GCC_WARN_UNUSED_VARIABLE = YES;
				IPHONEOS_DEPLOYMENT_TARGET = 15.5;
				MTL_ENABLE_DEBUG_INFO = INCLUDE_SOURCE;
				MTL_FAST_MATH = YES;
				ONLY_ACTIVE_ARCH = YES;
				SDKROOT = iphoneos;
				SWIFT_ACTIVE_COMPILATION_CONDITIONS = DEBUG;
				SWIFT_OPTIMIZATION_LEVEL = "-Onone";
			};
			name = Debug;
		};
		CB73F799288EEDD200FBBDE0 /* Release */ = {
			isa = XCBuildConfiguration;
			buildSettings = {
				ALWAYS_SEARCH_USER_PATHS = NO;
				CLANG_ANALYZER_NONNULL = YES;
				CLANG_ANALYZER_NUMBER_OBJECT_CONVERSION = YES_AGGRESSIVE;
				CLANG_CXX_LANGUAGE_STANDARD = "gnu++17";
				CLANG_ENABLE_MODULES = YES;
				CLANG_ENABLE_OBJC_ARC = YES;
				CLANG_ENABLE_OBJC_WEAK = YES;
				CLANG_WARN_BLOCK_CAPTURE_AUTORELEASING = YES;
				CLANG_WARN_BOOL_CONVERSION = YES;
				CLANG_WARN_COMMA = YES;
				CLANG_WARN_CONSTANT_CONVERSION = YES;
				CLANG_WARN_DEPRECATED_OBJC_IMPLEMENTATIONS = YES;
				CLANG_WARN_DIRECT_OBJC_ISA_USAGE = YES_ERROR;
				CLANG_WARN_DOCUMENTATION_COMMENTS = YES;
				CLANG_WARN_EMPTY_BODY = YES;
				CLANG_WARN_ENUM_CONVERSION = YES;
				CLANG_WARN_INFINITE_RECURSION = YES;
				CLANG_WARN_INT_CONVERSION = YES;
				CLANG_WARN_NON_LITERAL_NULL_CONVERSION = YES;
				CLANG_WARN_OBJC_IMPLICIT_RETAIN_SELF = YES;
				CLANG_WARN_OBJC_LITERAL_CONVERSION = YES;
				CLANG_WARN_OBJC_ROOT_CLASS = YES_ERROR;
				CLANG_WARN_QUOTED_INCLUDE_IN_FRAMEWORK_HEADER = YES;
				CLANG_WARN_RANGE_LOOP_ANALYSIS = YES;
				CLANG_WARN_STRICT_PROTOTYPES = YES;
				CLANG_WARN_SUSPICIOUS_MOVE = YES;
				CLANG_WARN_UNGUARDED_AVAILABILITY = YES_AGGRESSIVE;
				CLANG_WARN_UNREACHABLE_CODE = YES;
				CLANG_WARN__DUPLICATE_METHOD_MATCH = YES;
				COPY_PHASE_STRIP = NO;
				DEBUG_INFORMATION_FORMAT = "dwarf-with-dsym";
				ENABLE_NS_ASSERTIONS = NO;
				ENABLE_STRICT_OBJC_MSGSEND = YES;
				GCC_C_LANGUAGE_STANDARD = gnu11;
				GCC_NO_COMMON_BLOCKS = YES;
				GCC_WARN_64_TO_32_BIT_CONVERSION = YES;
				GCC_WARN_ABOUT_RETURN_TYPE = YES_ERROR;
				GCC_WARN_UNDECLARED_SELECTOR = YES;
				GCC_WARN_UNINITIALIZED_AUTOS = YES_AGGRESSIVE;
				GCC_WARN_UNUSED_FUNCTION = YES;
				GCC_WARN_UNUSED_VARIABLE = YES;
				IPHONEOS_DEPLOYMENT_TARGET = 15.5;
				MTL_ENABLE_DEBUG_INFO = NO;
				MTL_FAST_MATH = YES;
				SDKROOT = iphoneos;
				SWIFT_COMPILATION_MODE = wholemodule;
				SWIFT_OPTIMIZATION_LEVEL = "-O";
				VALIDATE_PRODUCT = YES;
			};
			name = Release;
		};
		CB73F79B288EEDD200FBBDE0 /* Debug */ = {
			isa = XCBuildConfiguration;
			buildSettings = {
				ASSETCATALOG_COMPILER_APPICON_NAME = AppIcon;
				ASSETCATALOG_COMPILER_GLOBAL_ACCENT_COLOR_NAME = AccentColor;
				CODE_SIGN_STYLE = Automatic;
				CURRENT_PROJECT_VERSION = 1;
				DEVELOPMENT_ASSET_PATHS = "\"EBookUI_SwiftUI/Preview Content\"";
				DEVELOPMENT_TEAM = 9AQV7L8ACC;
				ENABLE_PREVIEWS = YES;
				GENERATE_INFOPLIST_FILE = YES;
				INFOPLIST_KEY_UIApplicationSceneManifest_Generation = YES;
				INFOPLIST_KEY_UIApplicationSupportsIndirectInputEvents = YES;
				INFOPLIST_KEY_UILaunchScreen_Generation = YES;
				INFOPLIST_KEY_UISupportedInterfaceOrientations_iPad = "UIInterfaceOrientationPortrait UIInterfaceOrientationPortraitUpsideDown UIInterfaceOrientationLandscapeLeft UIInterfaceOrientationLandscapeRight";
				INFOPLIST_KEY_UISupportedInterfaceOrientations_iPhone = "UIInterfaceOrientationPortrait UIInterfaceOrientationLandscapeLeft UIInterfaceOrientationLandscapeRight";
				LD_RUNPATH_SEARCH_PATHS = (
					"$(inherited)",
					"@executable_path/Frameworks",
				);
				MARKETING_VERSION = 1.0;
				PRODUCT_BUNDLE_IDENTIFIER = "UjjwalR17.EBookUI-SwiftUI";
				PRODUCT_NAME = "$(TARGET_NAME)";
				SWIFT_EMIT_LOC_STRINGS = YES;
				SWIFT_VERSION = 5.0;
				TARGETED_DEVICE_FAMILY = "1,2";
			};
			name = Debug;
		};
		CB73F79C288EEDD200FBBDE0 /* Release */ = {
			isa = XCBuildConfiguration;
			buildSettings = {
				ASSETCATALOG_COMPILER_APPICON_NAME = AppIcon;
				ASSETCATALOG_COMPILER_GLOBAL_ACCENT_COLOR_NAME = AccentColor;
				CODE_SIGN_STYLE = Automatic;
				CURRENT_PROJECT_VERSION = 1;
				DEVELOPMENT_ASSET_PATHS = "\"EBookUI_SwiftUI/Preview Content\"";
				DEVELOPMENT_TEAM = 9AQV7L8ACC;
				ENABLE_PREVIEWS = YES;
				GENERATE_INFOPLIST_FILE = YES;
				INFOPLIST_KEY_UIApplicationSceneManifest_Generation = YES;
				INFOPLIST_KEY_UIApplicationSupportsIndirectInputEvents = YES;
				INFOPLIST_KEY_UILaunchScreen_Generation = YES;
				INFOPLIST_KEY_UISupportedInterfaceOrientations_iPad = "UIInterfaceOrientationPortrait UIInterfaceOrientationPortraitUpsideDown UIInterfaceOrientationLandscapeLeft UIInterfaceOrientationLandscapeRight";
				INFOPLIST_KEY_UISupportedInterfaceOrientations_iPhone = "UIInterfaceOrientationPortrait UIInterfaceOrientationLandscapeLeft UIInterfaceOrientationLandscapeRight";
				LD_RUNPATH_SEARCH_PATHS = (
					"$(inherited)",
					"@executable_path/Frameworks",
				);
				MARKETING_VERSION = 1.0;
				PRODUCT_BUNDLE_IDENTIFIER = "UjjwalR17.EBookUI-SwiftUI";
				PRODUCT_NAME = "$(TARGET_NAME)";
				SWIFT_EMIT_LOC_STRINGS = YES;
				SWIFT_VERSION = 5.0;
				TARGETED_DEVICE_FAMILY = "1,2";
			};
			name = Release;
		};
/* End XCBuildConfiguration section */

/* Begin XCConfigurationList section */
		CB73F787288EEDD200FBBDE0 /* Build configuration list for PBXProject "EBookUI_SwiftUI" */ = {
			isa = XCConfigurationList;
			buildConfigurations = (
				CB73F798288EEDD200FBBDE0 /* Debug */,
				CB73F799288EEDD200FBBDE0 /* Release */,
			);
			defaultConfigurationIsVisible = 0;
			defaultConfigurationName = Release;
		};
		CB73F79A288EEDD200FBBDE0 /* Build configuration list for PBXNativeTarget "EBookUI_SwiftUI" */ = {
			isa = XCConfigurationList;
			buildConfigurations = (
				CB73F79B288EEDD200FBBDE0 /* Debug */,
				CB73F79C288EEDD200FBBDE0 /* Release */,
			);
			defaultConfigurationIsVisible = 0;
			defaultConfigurationName = Release;
		};
/* End XCConfigurationList section */
	};
	rootObject = CB73F784288EEDD200FBBDE0 /* Project object */;
}
